
Microsoft Visual Studio Solution File, Format Version 12.00
# Visual Studio 14
VisualStudioVersion = 14.0.25029.0
MinimumVisualStudioVersion = 10.0.40219.1
Project("{FAE04EC0-301F-11D3-BF4B-00C04F79EFBC}") = "PokemonGoDesktop.API.Proto", "src\PokemonGoDesktop.API.Proto\PokemonGoDesktop.API.Proto.csproj", "{BE0A8FDB-6F2F-4FA2-B47F-E7512A558D48}"
EndProject
Project("{FAE04EC0-301F-11D3-BF4B-00C04F79EFBC}") = "PokemonGoDesktop.API.Proto.Compiler", "src\PokemonGoDesktop.API.Proto.Compiler\PokemonGoDesktop.API.Proto.Compiler.csproj", "{C20F945B-9CB5-45CE-B6D2-BED043AA0BF6}"
EndProject
Project("{FAE04EC0-301F-11D3-BF4B-00C04F79EFBC}") = "PokemonGoDesktop.API.Proto.Services", "src\PokemonGoDesktop.API.Proto.Services\PokemonGoDesktop.API.Proto.Services.csproj", "{3EADEE48-88EE-409B-A551-9F6E0DCDE119}"
EndProject
Project("{FAE04EC0-301F-11D3-BF4B-00C04F79EFBC}") = "PokemonGoDesktop.API.Common", "src\PokemonGoDesktop.API.Common\PokemonGoDesktop.API.Common.csproj", "{625FAECD-C92D-4B9E-9FA2-68AEF7DC3EC6}"
EndProject
Project("{2150E333-8FDC-42A3-9474-1A3956D46DE8}") = "src", "src", "{DDF6458B-2F1C-4111-AEE3-8683935CA05D}"
EndProject
Project("{FAE04EC0-301F-11D3-BF4B-00C04F79EFBC}") = "PokemonGoDesktop.API.Client.Services", "src\PokemonGoDesktop.API.Client.Services\PokemonGoDesktop.API.Client.Services.csproj", "{64D310B0-7177-4294-8295-74DEE063CAB7}"
EndProject
Project("{2150E333-8FDC-42A3-9474-1A3956D46DE8}") = "tests", "tests", "{D103DA8D-C58B-422E-B6CC-4A2D154477F8}"
EndProject
Project("{FAE04EC0-301F-11D3-BF4B-00C04F79EFBC}") = "PokemonGoDesktop.API.Proto.Services.Tests", "tests\PokemonGoDesktop.API.Proto.Services.Tests\PokemonGoDesktop.API.Proto.Services.Tests.csproj", "{C0387CFA-EC5C-4EC8-B4BA-3F09D9553F06}"
EndProject
Global
	GlobalSection(SolutionConfigurationPlatforms) = preSolution
		Debug|Any CPU = Debug|Any CPU
		Release|Any CPU = Release|Any CPU
	EndGlobalSection
	GlobalSection(ProjectConfigurationPlatforms) = postSolution
		{BE0A8FDB-6F2F-4FA2-B47F-E7512A558D48}.Debug|Any CPU.ActiveCfg = Debug|Any CPU
		{BE0A8FDB-6F2F-4FA2-B47F-E7512A558D48}.Debug|Any CPU.Build.0 = Debug|Any CPU
		{BE0A8FDB-6F2F-4FA2-B47F-E7512A558D48}.Release|Any CPU.ActiveCfg = Release|Any CPU
		{BE0A8FDB-6F2F-4FA2-B47F-E7512A558D48}.Release|Any CPU.Build.0 = Release|Any CPU
		{C20F945B-9CB5-45CE-B6D2-BED043AA0BF6}.Debug|Any CPU.ActiveCfg = Debug|Any CPU
		{C20F945B-9CB5-45CE-B6D2-BED043AA0BF6}.Debug|Any CPU.Build.0 = Debug|Any CPU
		{C20F945B-9CB5-45CE-B6D2-BED043AA0BF6}.Release|Any CPU.ActiveCfg = Release|Any CPU
		{C20F945B-9CB5-45CE-B6D2-BED043AA0BF6}.Release|Any CPU.Build.0 = Release|Any CPU
		{3EADEE48-88EE-409B-A551-9F6E0DCDE119}.Debug|Any CPU.ActiveCfg = Debug|Any CPU
		{3EADEE48-88EE-409B-A551-9F6E0DCDE119}.Debug|Any CPU.Build.0 = Debug|Any CPU
		{3EADEE48-88EE-409B-A551-9F6E0DCDE119}.Release|Any CPU.ActiveCfg = Release|Any CPU
		{3EADEE48-88EE-409B-A551-9F6E0DCDE119}.Release|Any CPU.Build.0 = Release|Any CPU
		{625FAECD-C92D-4B9E-9FA2-68AEF7DC3EC6}.Debug|Any CPU.ActiveCfg = Debug|Any CPU
		{625FAECD-C92D-4B9E-9FA2-68AEF7DC3EC6}.Debug|Any CPU.Build.0 = Debug|Any CPU
		{625FAECD-C92D-4B9E-9FA2-68AEF7DC3EC6}.Release|Any CPU.ActiveCfg = Release|Any CPU
		{625FAECD-C92D-4B9E-9FA2-68AEF7DC3EC6}.Release|Any CPU.Build.0 = Release|Any CPU
		{64D310B0-7177-4294-8295-74DEE063CAB7}.Debug|Any CPU.ActiveCfg = Debug|Any CPU
		{64D310B0-7177-4294-8295-74DEE063CAB7}.Debug|Any CPU.Build.0 = Debug|Any CPU
		{64D310B0-7177-4294-8295-74DEE063CAB7}.Release|Any CPU.ActiveCfg = Release|Any CPU
		{64D310B0-7177-4294-8295-74DEE063CAB7}.Release|Any CPU.Build.0 = Release|Any CPU
		{C0387CFA-EC5C-4EC8-B4BA-3F09D9553F06}.Debug|Any CPU.ActiveCfg = Debug|Any CPU
		{C0387CFA-EC5C-4EC8-B4BA-3F09D9553F06}.Debug|Any CPU.Build.0 = Debug|Any CPU
		{C0387CFA-EC5C-4EC8-B4BA-3F09D9553F06}.Release|Any CPU.ActiveCfg = Release|Any CPU
		{C0387CFA-EC5C-4EC8-B4BA-3F09D9553F06}.Release|Any CPU.Build.0 = Release|Any CPU
	EndGlobalSection
	GlobalSection(SolutionProperties) = preSolution
		HideSolutionNode = FALSE
	EndGlobalSection
	GlobalSection(NestedProjects) = preSolution
		{BE0A8FDB-6F2F-4FA2-B47F-E7512A558D48} = {DDF6458B-2F1C-4111-AEE3-8683935CA05D}
		{C20F945B-9CB5-45CE-B6D2-BED043AA0BF6} = {DDF6458B-2F1C-4111-AEE3-8683935CA05D}
		{3EADEE48-88EE-409B-A551-9F6E0DCDE119} = {DDF6458B-2F1C-4111-AEE3-8683935CA05D}
		{625FAECD-C92D-4B9E-9FA2-68AEF7DC3EC6} = {DDF6458B-2F1C-4111-AEE3-8683935CA05D}
		{64D310B0-7177-4294-8295-74DEE063CAB7} = {DDF6458B-2F1C-4111-AEE3-8683935CA05D}
		{C0387CFA-EC5C-4EC8-B4BA-3F09D9553F06} = {D103DA8D-C58B-422E-B6CC-4A2D154477F8}
	EndGlobalSection
EndGlobal
